
Microsoft Visual Studio Solution File, Format Version 12.00
# Visual Studio Version 17
VisualStudioVersion = 17.9.34701.34
MinimumVisualStudioVersion = 10.0.40219.1
Project("{9A19103F-16F7-4668-BE54-9A1E7A4F7556}") = "Domain", "Domain\Domain.csproj", "{0130C8FB-4155-426A-83BE-A26F029E1326}"
EndProject
Project("{9A19103F-16F7-4668-BE54-9A1E7A4F7556}") = "Application", "Application\Application.csproj", "{64012353-8419-4909-B663-67DE6D527E16}"
EndProject
Project("{9A19103F-16F7-4668-BE54-9A1E7A4F7556}") = "Infrastructures", "Infrastructures\Infrastructures.csproj", "{7E4C7AFC-BCBE-409E-AD42-C1BA47DB640C}"
EndProject
Project("{9A19103F-16F7-4668-BE54-9A1E7A4F7556}") = "Presentation", "Presentation\Presentation.csproj", "{25AC8F80-6285-4CCF-B713-8A7755DA6168}"
EndProject
Project("{9A19103F-16F7-4668-BE54-9A1E7A4F7556}") = "Front-End", "Front-End\Front-End.csproj", "{D2E1CFF0-8491-430A-98E1-EE1CEBA2E16B}"
EndProject
Project("{2150E333-8FDC-42A3-9474-1A3956D46DE8}") = "Solution Items", "Solution Items", "{288E2FD9-C8A6-4150-8D51-B4F13DE33B50}"
	ProjectSection(SolutionItems) = preProject
		.editorconfig = .editorconfig
	EndProjectSection
EndProject
Global
	GlobalSection(SolutionConfigurationPlatforms) = preSolution
		Debug|Any CPU = Debug|Any CPU
		Release|Any CPU = Release|Any CPU
	EndGlobalSection
	GlobalSection(ProjectConfigurationPlatforms) = postSolution
		{0130C8FB-4155-426A-83BE-A26F029E1326}.Debug|Any CPU.ActiveCfg = Debug|Any CPU
		{0130C8FB-4155-426A-83BE-A26F029E1326}.Debug|Any CPU.Build.0 = Debug|Any CPU
		{0130C8FB-4155-426A-83BE-A26F029E1326}.Release|Any CPU.ActiveCfg = Release|Any CPU
		{0130C8FB-4155-426A-83BE-A26F029E1326}.Release|Any CPU.Build.0 = Release|Any CPU
		{64012353-8419-4909-B663-67DE6D527E16}.Debug|Any CPU.ActiveCfg = Debug|Any CPU
		{64012353-8419-4909-B663-67DE6D527E16}.Debug|Any CPU.Build.0 = Debug|Any CPU
		{64012353-8419-4909-B663-67DE6D527E16}.Release|Any CPU.ActiveCfg = Release|Any CPU
		{64012353-8419-4909-B663-67DE6D527E16}.Release|Any CPU.Build.0 = Release|Any CPU
		{7E4C7AFC-BCBE-409E-AD42-C1BA47DB640C}.Debug|Any CPU.ActiveCfg = Debug|Any CPU
		{7E4C7AFC-BCBE-409E-AD42-C1BA47DB640C}.Debug|Any CPU.Build.0 = Debug|Any CPU
		{7E4C7AFC-BCBE-409E-AD42-C1BA47DB640C}.Release|Any CPU.ActiveCfg = Release|Any CPU
		{7E4C7AFC-BCBE-409E-AD42-C1BA47DB640C}.Release|Any CPU.Build.0 = Release|Any CPU
		{25AC8F80-6285-4CCF-B713-8A7755DA6168}.Debug|Any CPU.ActiveCfg = Debug|Any CPU
		{25AC8F80-6285-4CCF-B713-8A7755DA6168}.Debug|Any CPU.Build.0 = Debug|Any CPU
		{25AC8F80-6285-4CCF-B713-8A7755DA6168}.Release|Any CPU.ActiveCfg = Release|Any CPU
		{25AC8F80-6285-4CCF-B713-8A7755DA6168}.Release|Any CPU.Build.0 = Release|Any CPU
		{D2E1CFF0-8491-430A-98E1-EE1CEBA2E16B}.Debug|Any CPU.ActiveCfg = Debug|Any CPU
		{D2E1CFF0-8491-430A-98E1-EE1CEBA2E16B}.Debug|Any CPU.Build.0 = Debug|Any CPU
		{D2E1CFF0-8491-430A-98E1-EE1CEBA2E16B}.Release|Any CPU.ActiveCfg = Release|Any CPU
		{D2E1CFF0-8491-430A-98E1-EE1CEBA2E16B}.Release|Any CPU.Build.0 = Release|Any CPU
	EndGlobalSection
	GlobalSection(SolutionProperties) = preSolution
		HideSolutionNode = FALSE
	EndGlobalSection
	GlobalSection(ExtensibilityGlobals) = postSolution
		SolutionGuid = {1AB3A6BE-F719-478D-92F7-1D6C4A3BB057}
	EndGlobalSection
EndGlobal
